
Microsoft Visual Studio Solution File, Format Version 12.00
# Visual Studio Version 16
VisualStudioVersion = 16.0.30711.63
MinimumVisualStudioVersion = 10.0.40219.1
Project("{FAE04EC0-301F-11D3-BF4B-00C04F79EFBC}") = "TheProject", "TheProject\TheProject.csproj", "{B1383191-921B-4B26-A37F-595FFE4E82D5}"
EndProject
Project("{FAE04EC0-301F-11D3-BF4B-00C04F79EFBC}") = "EF.Data", "EF.Data\EF.Data.csproj", "{C10FCDF1-584A-413C-A3E3-6BA60FCDFB45}"
EndProject
Project("{2150E333-8FDC-42A3-9474-1A3956D46DE8}") = "Solution Items", "Solution Items", "{8EA9FA43-2119-448B-B74D-B56F4C6E49F7}"
	ProjectSection(SolutionItems) = preProject
		..\README.md = ..\README.md
	EndProjectSection
EndProject
Global
	GlobalSection(SolutionConfigurationPlatforms) = preSolution
		Debug|Any CPU = Debug|Any CPU
		Release|Any CPU = Release|Any CPU
	EndGlobalSection
	GlobalSection(ProjectConfigurationPlatforms) = postSolution
		{B1383191-921B-4B26-A37F-595FFE4E82D5}.Debug|Any CPU.ActiveCfg = Debug|Any CPU
		{B1383191-921B-4B26-A37F-595FFE4E82D5}.Debug|Any CPU.Build.0 = Debug|Any CPU
		{B1383191-921B-4B26-A37F-595FFE4E82D5}.Release|Any CPU.ActiveCfg = Release|Any CPU
		{B1383191-921B-4B26-A37F-595FFE4E82D5}.Release|Any CPU.Build.0 = Release|Any CPU
		{C10FCDF1-584A-413C-A3E3-6BA60FCDFB45}.Debug|Any CPU.ActiveCfg = Debug|Any CPU
		{C10FCDF1-584A-413C-A3E3-6BA60FCDFB45}.Debug|Any CPU.Build.0 = Debug|Any CPU
		{C10FCDF1-584A-413C-A3E3-6BA60FCDFB45}.Release|Any CPU.ActiveCfg = Release|Any CPU
		{C10FCDF1-584A-413C-A3E3-6BA60FCDFB45}.Release|Any CPU.Build.0 = Release|Any CPU
	EndGlobalSection
	GlobalSection(SolutionProperties) = preSolution
		HideSolutionNode = FALSE
	EndGlobalSection
	GlobalSection(ExtensibilityGlobals) = postSolution
		SolutionGuid = {28C308D7-030A-4A34-AB00-C1ED6EDE3768}
	EndGlobalSection
EndGlobal
